
Microsoft Visual Studio Solution File, Format Version 12.00
# Visual Studio Version 17
VisualStudioVersion = 17.0.31903.59
MinimumVisualStudioVersion = 10.0.40219.1
Project("{FAE04EC0-301F-11D3-BF4B-00C04F79EFBC}") = "Con_FIA35_DAL3Tier_MehrschichtigeLayer", "Con_FIA35_DAL3Tier_MehrschichtigeLayer\Con_FIA35_DAL3Tier_MehrschichtigeLayer.csproj", "{2719A550-B1B5-4161-83E4-ECC335785EBA}"
EndProject
Global
	GlobalSection(SolutionConfigurationPlatforms) = preSolution
		Debug|Any CPU = Debug|Any CPU
		Release|Any CPU = Release|Any CPU
	EndGlobalSection
	GlobalSection(ProjectConfigurationPlatforms) = postSolution
		{2719A550-B1B5-4161-83E4-ECC335785EBA}.Debug|Any CPU.ActiveCfg = Debug|Any CPU
		{2719A550-B1B5-4161-83E4-ECC335785EBA}.Debug|Any CPU.Build.0 = Debug|Any CPU
		{2719A550-B1B5-4161-83E4-ECC335785EBA}.Release|Any CPU.ActiveCfg = Release|Any CPU
		{2719A550-B1B5-4161-83E4-ECC335785EBA}.Release|Any CPU.Build.0 = Release|Any CPU
	EndGlobalSection
	GlobalSection(SolutionProperties) = preSolution
		HideSolutionNode = FALSE
	EndGlobalSection
	GlobalSection(ExtensibilityGlobals) = postSolution
		SolutionGuid = {532AF759-D36B-4C88-B777-E3C0D229F448}
	EndGlobalSection
EndGlobal
